<?xml version="1.0" encoding="utf-8"?>
<Project ToolsVersion="17.0" xmlns="http://schemas.microsoft.com/developer/msbuild/2003">
  <ItemGroup>
    <CustomBuild Include="C:\Git\GitHub\NewRes1\CMakeFiles\5cbc0ab3e6fa6e750b00bff94e99afe6\generate.stamp.rule">
      <Filter>CMake Rules</Filter>
    </CustomBuild>
  </ItemGroup>
  <ItemGroup>
    <Filter Include="CMake Rules">
      <UniqueIdentifier>{4E315112-AD66-349E-A145-B99D08B48ED3}</UniqueIdentifier>
    </Filter>
  </ItemGroup>
</Project>
